
Microsoft Visual Studio Solution File, Format Version 12.00
# Visual Studio Version 17
VisualStudioVersion = 17.4.33213.308
MinimumVisualStudioVersion = 10.0.40219.1
Project("{FAE04EC0-301F-11D3-BF4B-00C04F79EFBC}") = "Käyttäjänluonti", "Käyttäjänluonti.csproj", "{F5E5872E-DB3A-479D-8172-EAA3ACBFEE0F}"
EndProject
Global
	GlobalSection(SolutionConfigurationPlatforms) = preSolution
		Debug|Any CPU = Debug|Any CPU
		Release|Any CPU = Release|Any CPU
	EndGlobalSection
	GlobalSection(ProjectConfigurationPlatforms) = postSolution
		{F5E5872E-DB3A-479D-8172-EAA3ACBFEE0F}.Debug|Any CPU.ActiveCfg = Debug|Any CPU
		{F5E5872E-DB3A-479D-8172-EAA3ACBFEE0F}.Debug|Any CPU.Build.0 = Debug|Any CPU
		{F5E5872E-DB3A-479D-8172-EAA3ACBFEE0F}.Release|Any CPU.ActiveCfg = Release|Any CPU
		{F5E5872E-DB3A-479D-8172-EAA3ACBFEE0F}.Release|Any CPU.Build.0 = Release|Any CPU
	EndGlobalSection
	GlobalSection(SolutionProperties) = preSolution
		HideSolutionNode = FALSE
	EndGlobalSection
	GlobalSection(ExtensibilityGlobals) = postSolution
		SolutionGuid = {248CF5B6-24B7-4F34-B363-E9B09A1FDB32}
	EndGlobalSection
EndGlobal
